<?xml version="1.0" encoding="utf-8"?>
<Project ToolsVersion="4.0" xmlns="http://schemas.microsoft.com/developer/msbuild/2003">
  <ItemGroup>
    <Filter Include="Archivos de origen">
      <UniqueIdentifier>{4FC737F1-C7A5-4376-A066-2A32D752A2FF}</UniqueIdentifier>
      <Extensions>cpp;c;cc;cxx;c++;cppm;ixx;def;odl;idl;hpj;bat;asm;asmx</Extensions>
    </Filter>
    <Filter Include="Archivos de encabezado">
      <UniqueIdentifier>{93995380-89BD-4b04-88EB-625FBE52EBFB}</UniqueIdentifier>
      <Extensions>h;hh;hpp;hxx;h++;hm;inl;inc;ipp;xsd</Extensions>
    </Filter>
    <Filter Include="Archivos de recursos">
      <UniqueIdentifier>{67DA6AB6-F800-4c08-8B7A-83BB121AAD01}</UniqueIdentifier>
      <Extensions>rc;ico;cur;bmp;dlg;rc2;rct;bin;rgs;gif;jpg;jpeg;jpe;resx;tiff;tif;png;wav;mfcribbon-ms</Extensions>
    </Filter>
    <Filter Include="Archivos de encabezado\GeometryObjects">
      <UniqueIdentifier>{37415899-45c9-458a-ba6a-dbd0118ae15b}</UniqueIdentifier>
    </Filter>
    <Filter Include="Archivos de origen\GeometriObjects">
      <UniqueIdentifier>{aab9340a-7e54-40d9-9aee-5c6b06bfc17a}</UniqueIdentifier>
    </Filter>
    <Filter Include="Archivos de encabezado\Tracers">
      <UniqueIdentifier>{0283a81b-849d-4d4e-8c93-f8d94527b8ae}</UniqueIdentifier>
    </Filter>
    <Filter Include="Archivos de encabezado\Samples">
      <UniqueIdentifier>{09666ac2-5057-4012-9cbc-88892056329c}</UniqueIdentifier>
    </Filter>
    <Filter Include="Archivos de encabezado\Cameras">
      <UniqueIdentifier>{cbc51320-ccc5-4887-abea-87b7649e71fb}</UniqueIdentifier>
    </Filter>
    <Filter Include="Archivos de origen\Cameras">
      <UniqueIdentifier>{afcae227-2edd-4e7f-a1da-01a69a9f09fb}</UniqueIdentifier>
    </Filter>
    <Filter Include="Archivos de encabezado\BRDFs">
      <UniqueIdentifier>{a3c4ca96-2fe6-449d-a0b9-7678054492ce}</UniqueIdentifier>
    </Filter>
    <Filter Include="Archivos de origen\BRDFs">
      <UniqueIdentifier>{ddebd422-6b5b-4e9a-ad23-cbbaa11f6fff}</UniqueIdentifier>
    </Filter>
    <Filter Include="Archivos de encabezado\Lights">
      <UniqueIdentifier>{ecdbf0e1-1e5b-4773-a8ab-fcd38e126a8a}</UniqueIdentifier>
    </Filter>
    <Filter Include="Archivos de origen\Lights">
      <UniqueIdentifier>{3ae6dbbb-f359-43db-80b3-0c9dcb4196d4}</UniqueIdentifier>
    </Filter>
    <Filter Include="Archivos de encabezado\Materials">
      <UniqueIdentifier>{2a13a898-9fb6-4d33-885a-75a838f7fda2}</UniqueIdentifier>
    </Filter>
    <Filter Include="Archivos de origen\Materials">
      <UniqueIdentifier>{3b97c4a2-92fa-41c8-bc29-69c78a9d390a}</UniqueIdentifier>
    </Filter>
    <Filter Include="imgui">
      <UniqueIdentifier>{5fd09538-22aa-4c09-a914-0bc9d005d02c}</UniqueIdentifier>
    </Filter>
  </ItemGroup>
  <ItemGroup>
    <ClCompile Include="src\Source.cpp">
      <Filter>Archivos de origen</Filter>
    </ClCompile>
    <ClCompile Include="src\Main.cpp">
      <Filter>Archivos de origen</Filter>
    </ClCompile>
    <ClCompile Include="src\jlGOSphere.cpp">
      <Filter>Archivos de origen\GeometriObjects</Filter>
    </ClCompile>
    <ClCompile Include="src\jlGOPlane.cpp">
      <Filter>Archivos de origen\GeometriObjects</Filter>
    </ClCompile>
    <ClCompile Include="src\jlWorld.cpp">
      <Filter>Archivos de origen</Filter>
    </ClCompile>
    <ClCompile Include="src\jlSampler.cpp">
      <Filter>Archivos de origen</Filter>
    </ClCompile>
    <ClCompile Include="src\jlCPinhole.cpp">
      <Filter>Archivos de origen\Cameras</Filter>
    </ClCompile>
    <ClCompile Include="src\jlBRDFLambertian.cpp">
      <Filter>Archivos de origen\BRDFs</Filter>
    </ClCompile>
    <ClCompile Include="src\jlPointLight.cpp">
      <Filter>Archivos de origen\Lights</Filter>
    </ClCompile>
    <ClCompile Include="src\jlMMatte.cpp">
      <Filter>Archivos de origen\Materials</Filter>
    </ClCompile>
    <ClCompile Include="..\dependencies\imgui\include\imgui-SFML.cpp">
      <Filter>imgui</Filter>
    </ClCompile>
    <ClCompile Include="src\jlBRDFGlossySpecular.cpp">
      <Filter>Archivos de origen\BRDFs</Filter>
    </ClCompile>
    <ClCompile Include="src\jlMPhong.cpp">
      <Filter>Archivos de origen\Materials</Filter>
    </ClCompile>
    <ClCompile Include="src\jlMPlastic.cpp">
      <Filter>Archivos de origen\Materials</Filter>
    </ClCompile>
    <ClCompile Include="src\jlGOBox.cpp">
      <Filter>Archivos de origen\GeometriObjects</Filter>
    </ClCompile>
    <ClCompile Include="src\jlWorldImGui.cpp">
      <Filter>Archivos de origen</Filter>
    </ClCompile>
    <ClCompile Include="..\dependencies\imgui\include\imgui.cpp">
      <Filter>imgui</Filter>
    </ClCompile>
    <ClCompile Include="..\dependencies\imgui\include\imgui_demo.cpp">
      <Filter>imgui</Filter>
    </ClCompile>
    <ClCompile Include="..\dependencies\imgui\include\imgui_draw.cpp">
      <Filter>imgui</Filter>
    </ClCompile>
    <ClCompile Include="..\dependencies\imgui\include\imgui_tables.cpp">
      <Filter>imgui</Filter>
    </ClCompile>
    <ClCompile Include="..\dependencies\imgui\include\imgui_widgets.cpp">
      <Filter>imgui</Filter>
    </ClCompile>
  </ItemGroup>
  <ItemGroup>
    <ClInclude Include="include\Prerequisites.h">
      <Filter>Archivos de encabezado</Filter>
    </ClInclude>
    <ClInclude Include="include\jlGeometriObject.h">
      <Filter>Archivos de encabezado</Filter>
    </ClInclude>
    <ClInclude Include="include\jlShadeRec.h">
      <Filter>Archivos de encabezado</Filter>
    </ClInclude>
    <ClInclude Include="include\jlGOPlane.h">
      <Filter>Archivos de encabezado\GeometryObjects</Filter>
    </ClInclude>
    <ClInclude Include="include\jlGOSphere.h">
      <Filter>Archivos de encabezado\GeometryObjects</Filter>
    </ClInclude>
    <ClInclude Include="include\jlWorld.h">
      <Filter>Archivos de encabezado</Filter>
    </ClInclude>
    <ClInclude Include="include\jlViewPlane.h">
      <Filter>Archivos de encabezado</Filter>
    </ClInclude>
    <ClInclude Include="include\jlTracer.h">
      <Filter>Archivos de encabezado</Filter>
    </ClInclude>
    <ClInclude Include="include\jlTSingleSphere.h">
      <Filter>Archivos de encabezado\Tracers</Filter>
    </ClInclude>
    <ClInclude Include="include\jlTMultipleObjects.h">
      <Filter>Archivos de encabezado\Tracers</Filter>
    </ClInclude>
    <ClInclude Include="include\jlSampler.h">
      <Filter>Archivos de encabezado</Filter>
    </ClInclude>
    <ClInclude Include="include\jlSJittered.h">
      <Filter>Archivos de encabezado\Samples</Filter>
    </ClInclude>
    <ClInclude Include="include\jlSRegular.h">
      <Filter>Archivos de encabezado\Samples</Filter>
    </ClInclude>
    <ClInclude Include="include\jlCamera.h">
      <Filter>Archivos de encabezado</Filter>
    </ClInclude>
    <ClInclude Include="include\jlCPinhole.h">
      <Filter>Archivos de encabezado\Cameras</Filter>
    </ClInclude>
    <ClInclude Include="include\jlBRDF.h">
      <Filter>Archivos de encabezado</Filter>
    </ClInclude>
    <ClInclude Include="include\jlBRDFLambertian.h">
      <Filter>Archivos de encabezado\BRDFs</Filter>
    </ClInclude>
    <ClInclude Include="include\jlLight.h">
      <Filter>Archivos de encabezado</Filter>
    </ClInclude>
    <ClInclude Include="include\jlLAmbient.h">
      <Filter>Archivos de encabezado\Lights</Filter>
    </ClInclude>
    <ClInclude Include="include\jlPointLight.h">
      <Filter>Archivos de encabezado\Lights</Filter>
    </ClInclude>
    <ClInclude Include="include\jlTRayCast.h">
      <Filter>Archivos de encabezado\Tracers</Filter>
    </ClInclude>
    <ClInclude Include="include\jlMaterial.h">
      <Filter>Archivos de encabezado</Filter>
    </ClInclude>
    <ClInclude Include="include\jlMMatte.h">
      <Filter>Archivos de encabezado\Materials</Filter>
    </ClInclude>
    <ClInclude Include="include\jlBRDFGlossySpecular.h">
      <Filter>Archivos de encabezado\BRDFs</Filter>
    </ClInclude>
    <ClInclude Include="include\jlMPhong.h">
      <Filter>Archivos de encabezado\Materials</Filter>
    </ClInclude>
    <ClInclude Include="include\jlMPlastic.h">
      <Filter>Archivos de encabezado\Materials</Filter>
    </ClInclude>
    <ClInclude Include="include\jlGOBox.h">
      <Filter>Archivos de encabezado\GeometryObjects</Filter>
    </ClInclude>
  </ItemGroup>
</Project>